
Microsoft Visual Studio Solution File, Format Version 12.00
# Visual Studio Version 17
VisualStudioVersion = 17.5.002.0
MinimumVisualStudioVersion = 10.0.40219.1
Project("{9A19103F-16F7-4668-BE54-9A1E7A4F7556}") = "Numbers.Api", "Numbers.Api\Numbers.Api.csproj", "{D47714C5-1D01-49FE-A7C6-ECEC258F62E9}"
EndProject
Project("{9A19103F-16F7-4668-BE54-9A1E7A4F7556}") = "Numbers.Web", "Numbers.Web\Numbers.Web.csproj", "{007953F2-F28D-47FE-8A77-DD3ABF7BC64A}"
EndProject
Project("{9A19103F-16F7-4668-BE54-9A1E7A4F7556}") = "Utilities.HttpCheck", "Utilities.HttpCheck\Utilities.HttpCheck.csproj", "{20C2BACE-C14D-4703-BCC6-A967AA87439D}"
EndProject
Global
	GlobalSection(SolutionConfigurationPlatforms) = preSolution
		Debug|Any CPU = Debug|Any CPU
		Release|Any CPU = Release|Any CPU
	EndGlobalSection
	GlobalSection(ProjectConfigurationPlatforms) = postSolution
		{D47714C5-1D01-49FE-A7C6-ECEC258F62E9}.Debug|Any CPU.ActiveCfg = Debug|Any CPU
		{D47714C5-1D01-49FE-A7C6-ECEC258F62E9}.Debug|Any CPU.Build.0 = Debug|Any CPU
		{D47714C5-1D01-49FE-A7C6-ECEC258F62E9}.Release|Any CPU.ActiveCfg = Release|Any CPU
		{D47714C5-1D01-49FE-A7C6-ECEC258F62E9}.Release|Any CPU.Build.0 = Release|Any CPU
		{007953F2-F28D-47FE-8A77-DD3ABF7BC64A}.Debug|Any CPU.ActiveCfg = Debug|Any CPU
		{007953F2-F28D-47FE-8A77-DD3ABF7BC64A}.Debug|Any CPU.Build.0 = Debug|Any CPU
		{007953F2-F28D-47FE-8A77-DD3ABF7BC64A}.Release|Any CPU.ActiveCfg = Release|Any CPU
		{007953F2-F28D-47FE-8A77-DD3ABF7BC64A}.Release|Any CPU.Build.0 = Release|Any CPU
		{20C2BACE-C14D-4703-BCC6-A967AA87439D}.Debug|Any CPU.ActiveCfg = Debug|Any CPU
		{20C2BACE-C14D-4703-BCC6-A967AA87439D}.Debug|Any CPU.Build.0 = Debug|Any CPU
		{20C2BACE-C14D-4703-BCC6-A967AA87439D}.Release|Any CPU.ActiveCfg = Release|Any CPU
		{20C2BACE-C14D-4703-BCC6-A967AA87439D}.Release|Any CPU.Build.0 = Release|Any CPU
	EndGlobalSection
	GlobalSection(SolutionProperties) = preSolution
		HideSolutionNode = FALSE
	EndGlobalSection
	GlobalSection(ExtensibilityGlobals) = postSolution
		SolutionGuid = {7AD913C5-87F8-4638-ABB1-FBB43B762EA5}
	EndGlobalSection
EndGlobal
