
Microsoft Visual Studio Solution File, Format Version 12.00
# Visual Studio Version 17
VisualStudioVersion = 17.5.002.0
MinimumVisualStudioVersion = 10.0.40219.1
Project("{9A19103F-16F7-4668-BE54-9A1E7A4F7556}") = "Numbers.Api", "Numbers.Api\Numbers.Api.csproj", "{91FA3D18-4F9A-4706-9972-DD13A5E20583}"
EndProject
Project("{9A19103F-16F7-4668-BE54-9A1E7A4F7556}") = "Numbers.Web", "Numbers.Web\Numbers.Web.csproj", "{6B26EDC0-F277-46BD-A4C4-EC974CDE29E9}"
EndProject
Project("{9A19103F-16F7-4668-BE54-9A1E7A4F7556}") = "Utilities.HttpCheck", "Utilities.HttpCheck\Utilities.HttpCheck.csproj", "{22A5CF45-5B45-4C66-B10F-6785139F6306}"
EndProject
Global
	GlobalSection(SolutionConfigurationPlatforms) = preSolution
		Debug|Any CPU = Debug|Any CPU
		Release|Any CPU = Release|Any CPU
	EndGlobalSection
	GlobalSection(ProjectConfigurationPlatforms) = postSolution
		{91FA3D18-4F9A-4706-9972-DD13A5E20583}.Debug|Any CPU.ActiveCfg = Debug|Any CPU
		{91FA3D18-4F9A-4706-9972-DD13A5E20583}.Debug|Any CPU.Build.0 = Debug|Any CPU
		{91FA3D18-4F9A-4706-9972-DD13A5E20583}.Release|Any CPU.ActiveCfg = Release|Any CPU
		{91FA3D18-4F9A-4706-9972-DD13A5E20583}.Release|Any CPU.Build.0 = Release|Any CPU
		{6B26EDC0-F277-46BD-A4C4-EC974CDE29E9}.Debug|Any CPU.ActiveCfg = Debug|Any CPU
		{6B26EDC0-F277-46BD-A4C4-EC974CDE29E9}.Debug|Any CPU.Build.0 = Debug|Any CPU
		{6B26EDC0-F277-46BD-A4C4-EC974CDE29E9}.Release|Any CPU.ActiveCfg = Release|Any CPU
		{6B26EDC0-F277-46BD-A4C4-EC974CDE29E9}.Release|Any CPU.Build.0 = Release|Any CPU
		{22A5CF45-5B45-4C66-B10F-6785139F6306}.Debug|Any CPU.ActiveCfg = Debug|Any CPU
		{22A5CF45-5B45-4C66-B10F-6785139F6306}.Debug|Any CPU.Build.0 = Debug|Any CPU
		{22A5CF45-5B45-4C66-B10F-6785139F6306}.Release|Any CPU.ActiveCfg = Release|Any CPU
		{22A5CF45-5B45-4C66-B10F-6785139F6306}.Release|Any CPU.Build.0 = Release|Any CPU
	EndGlobalSection
	GlobalSection(SolutionProperties) = preSolution
		HideSolutionNode = FALSE
	EndGlobalSection
	GlobalSection(ExtensibilityGlobals) = postSolution
		SolutionGuid = {609A67E1-BFD3-46FB-B60D-87F12C026AB2}
	EndGlobalSection
EndGlobal
